
Microsoft Visual Studio Solution File, Format Version 12.00
# Visual Studio Version 17
VisualStudioVersion = 17.8.34601.278
MinimumVisualStudioVersion = 10.0.40219.1
Project("{9A19103F-16F7-4668-BE54-9A1E7A4F7556}") = "Task1", "Task1.csproj", "{00E00583-45F0-496F-9E32-BC1C3AE5D40B}"
EndProject
Project("{FAE04EC0-301F-11D3-BF4B-00C04F79EFBC}") = "Task2", "..\Task2\Task2.csproj", "{917CAD16-C584-4516-8FF6-65EDA0068CAD}"
EndProject
Global
	GlobalSection(SolutionConfigurationPlatforms) = preSolution
		Debug|Any CPU = Debug|Any CPU
		Release|Any CPU = Release|Any CPU
	EndGlobalSection
	GlobalSection(ProjectConfigurationPlatforms) = postSolution
		{00E00583-45F0-496F-9E32-BC1C3AE5D40B}.Debug|Any CPU.ActiveCfg = Debug|Any CPU
		{00E00583-45F0-496F-9E32-BC1C3AE5D40B}.Debug|Any CPU.Build.0 = Debug|Any CPU
		{00E00583-45F0-496F-9E32-BC1C3AE5D40B}.Release|Any CPU.ActiveCfg = Release|Any CPU
		{00E00583-45F0-496F-9E32-BC1C3AE5D40B}.Release|Any CPU.Build.0 = Release|Any CPU
		{917CAD16-C584-4516-8FF6-65EDA0068CAD}.Debug|Any CPU.ActiveCfg = Debug|Any CPU
		{917CAD16-C584-4516-8FF6-65EDA0068CAD}.Debug|Any CPU.Build.0 = Debug|Any CPU
		{917CAD16-C584-4516-8FF6-65EDA0068CAD}.Release|Any CPU.ActiveCfg = Release|Any CPU
		{917CAD16-C584-4516-8FF6-65EDA0068CAD}.Release|Any CPU.Build.0 = Release|Any CPU
	EndGlobalSection
	GlobalSection(SolutionProperties) = preSolution
		HideSolutionNode = FALSE
	EndGlobalSection
	GlobalSection(ExtensibilityGlobals) = postSolution
		SolutionGuid = {57D0BB31-21ED-4E84-B55C-F8F94FD0EC7F}
	EndGlobalSection
EndGlobal
