
Microsoft Visual Studio Solution File, Format Version 12.00
# Visual Studio Version 17
VisualStudioVersion = 17.8.34601.278
MinimumVisualStudioVersion = 10.0.40219.1
Project("{9A19103F-16F7-4668-BE54-9A1E7A4F7556}") = "OrderManager", "OrderManager.csproj", "{75C434B4-33AD-44C2-8291-B124E26139A0}"
EndProject
Project("{FAE04EC0-301F-11D3-BF4B-00C04F79EFBC}") = "OrderWinForm", "..\OrderServiceWinForm\OrderWinForm.csproj", "{D68D5F7D-C960-4489-878A-DCC52FF93724}"
EndProject
Global
	GlobalSection(SolutionConfigurationPlatforms) = preSolution
		Debug|Any CPU = Debug|Any CPU
		Release|Any CPU = Release|Any CPU
	EndGlobalSection
	GlobalSection(ProjectConfigurationPlatforms) = postSolution
		{75C434B4-33AD-44C2-8291-B124E26139A0}.Debug|Any CPU.ActiveCfg = Debug|Any CPU
		{75C434B4-33AD-44C2-8291-B124E26139A0}.Debug|Any CPU.Build.0 = Debug|Any CPU
		{75C434B4-33AD-44C2-8291-B124E26139A0}.Release|Any CPU.ActiveCfg = Release|Any CPU
		{75C434B4-33AD-44C2-8291-B124E26139A0}.Release|Any CPU.Build.0 = Release|Any CPU
		{D68D5F7D-C960-4489-878A-DCC52FF93724}.Debug|Any CPU.ActiveCfg = Debug|Any CPU
		{D68D5F7D-C960-4489-878A-DCC52FF93724}.Debug|Any CPU.Build.0 = Debug|Any CPU
		{D68D5F7D-C960-4489-878A-DCC52FF93724}.Release|Any CPU.ActiveCfg = Release|Any CPU
		{D68D5F7D-C960-4489-878A-DCC52FF93724}.Release|Any CPU.Build.0 = Release|Any CPU
	EndGlobalSection
	GlobalSection(SolutionProperties) = preSolution
		HideSolutionNode = FALSE
	EndGlobalSection
	GlobalSection(ExtensibilityGlobals) = postSolution
		SolutionGuid = {9A76F3DE-E085-46C0-AE88-0C60BDEE273C}
	EndGlobalSection
EndGlobal
